<Solution>
  <Folder Name="/01_Apresentacao/" />
  <Folder Name="/02_Aplicacao/">
    <Project Path="umfgcloud.loja.aplicacao.service/umfgcloud.loja.aplicacao.service.csproj" Id="5b282ccb-ea3f-4f15-a5c0-f1fdba7f2076" />
  </Folder>
  <Folder Name="/03_Dominio/">
    <Project Path="umfgcloud.loja.dominio.service/umfgcloud.loja.dominio.service.csproj" />
  </Folder>
  <Folder Name="/04_Infraestrutura/" />
  <Folder Name="/05_Testes/" />
</Solution>
